// !$*UTF8*$!
{
	archiveVersion = 1;
	classes = {
	};
	objectVersion = 46;
	objects = {

/* Begin PBXBuildFile section */
		2C505C911DB535590047C113 /* AppDelegate.swift in Sources */ = {isa = PBXBuildFile; fileRef = 2C505C901DB535590047C113 /* AppDelegate.swift */; };
		2C505C931DB535590047C113 /* FirstViewController.swift in Sources */ = {isa = PBXBuildFile; fileRef = 2C505C921DB535590047C113 /* FirstViewController.swift */; };
		2C505C951DB535590047C113 /* SecondViewController.swift in Sources */ = {isa = PBXBuildFile; fileRef = 2C505C941DB535590047C113 /* SecondViewController.swift */; };
		2C505C981DB535590047C113 /* Main.storyboard in Resources */ = {isa = PBXBuildFile; fileRef = 2C505C961DB535590047C113 /* Main.storyboard */; };
		2C505C9A1DB535590047C113 /* Assets.xcassets in Resources */ = {isa = PBXBuildFile; fileRef = 2C505C991DB535590047C113 /* Assets.xcassets */; };
		2C505C9D1DB535590047C113 /* LaunchScreen.storyboard in Resources */ = {isa = PBXBuildFile; fileRef = 2C505C9B1DB535590047C113 /* LaunchScreen.storyboard */; };
		2C505CA81DB535590047C113 /* esw_food_appTests.swift in Sources */ = {isa = PBXBuildFile; fileRef = 2C505CA71DB535590047C113 /* esw_food_appTests.swift */; };
		2C505CB31DB535590047C113 /* esw_food_appUITests.swift in Sources */ = {isa = PBXBuildFile; fileRef = 2C505CB21DB535590047C113 /* esw_food_appUITests.swift */; };
/* End PBXBuildFile section */

/* Begin PBXContainerItemProxy section */
		2C505CA41DB535590047C113 /* PBXContainerItemProxy */ = {
			isa = PBXContainerItemProxy;
			containerPortal = 2C505C851DB535590047C113 /* Project object */;
			proxyType = 1;
			remoteGlobalIDString = 2C505C8C1DB535590047C113;
			remoteInfo = "esw-food-app";
		};
		2C505CAF1DB535590047C113 /* PBXContainerItemProxy */ = {
			isa = PBXContainerItemProxy;
			containerPortal = 2C505C851DB535590047C113 /* Project object */;
			proxyType = 1;
			remoteGlobalIDString = 2C505C8C1DB535590047C113;
			remoteInfo = "esw-food-app";
		};
/* End PBXContainerItemProxy section */

/* Begin PBXFileReference section */
		2C505C8D1DB535590047C113 /* esw-food-app.app */ = {isa = PBXFileReference; explicitFileType = wrapper.application; includeInIndex = 0; path = "esw-food-app.app"; sourceTree = BUILT_PRODUCTS_DIR; };
		2C505C901DB535590047C113 /* AppDelegate.swift */ = {isa = PBXFileReference; lastKnownFileType = sourcecode.swift; path = AppDelegate.swift; sourceTree = "<group>"; };
		2C505C921DB535590047C113 /* FirstViewController.swift */ = {isa = PBXFileReference; lastKnownFileType = sourcecode.swift; path = FirstViewController.swift; sourceTree = "<group>"; };
		2C505C941DB535590047C113 /* SecondViewController.swift */ = {isa = PBXFileReference; lastKnownFileType = sourcecode.swift; path = SecondViewController.swift; sourceTree = "<group>"; };
		2C505C971DB535590047C113 /* Base */ = {isa = PBXFileReference; lastKnownFileType = file.storyboard; name = Base; path = Base.lproj/Main.storyboard; sourceTree = "<group>"; };
		2C505C991DB535590047C113 /* Assets.xcassets */ = {isa = PBXFileReference; lastKnownFileType = folder.assetcatalog; path = Assets.xcassets; sourceTree = "<group>"; };
		2C505C9C1DB535590047C113 /* Base */ = {isa = PBXFileReference; lastKnownFileType = file.storyboard; name = Base; path = Base.lproj/LaunchScreen.storyboard; sourceTree = "<group>"; };
		2C505C9E1DB535590047C113 /* Info.plist */ = {isa = PBXFileReference; lastKnownFileType = text.plist.xml; path = Info.plist; sourceTree = "<group>"; };
		2C505CA31DB535590047C113 /* esw-food-appTests.xctest */ = {isa = PBXFileReference; explicitFileType = wrapper.cfbundle; includeInIndex = 0; path = "esw-food-appTests.xctest"; sourceTree = BUILT_PRODUCTS_DIR; };
		2C505CA71DB535590047C113 /* esw_food_appTests.swift */ = {isa = PBXFileReference; lastKnownFileType = sourcecode.swift; path = esw_food_appTests.swift; sourceTree = "<group>"; };
		2C505CA91DB535590047C113 /* Info.plist */ = {isa = PBXFileReference; lastKnownFileType = text.plist.xml; path = Info.plist; sourceTree = "<group>"; };
		2C505CAE1DB535590047C113 /* esw-food-appUITests.xctest */ = {isa = PBXFileReference; explicitFileType = wrapper.cfbundle; includeInIndex = 0; path = "esw-food-appUITests.xctest"; sourceTree = BUILT_PRODUCTS_DIR; };
		2C505CB21DB535590047C113 /* esw_food_appUITests.swift */ = {isa = PBXFileReference; lastKnownFileType = sourcecode.swift; path = esw_food_appUITests.swift; sourceTree = "<group>"; };
		2C505CB41DB535590047C113 /* Info.plist */ = {isa = PBXFileReference; lastKnownFileType = text.plist.xml; path = Info.plist; sourceTree = "<group>"; };
/* End PBXFileReference section */

/* Begin PBXFrameworksBuildPhase section */
		2C505C8A1DB535590047C113 /* Frameworks */ = {
			isa = PBXFrameworksBuildPhase;
			buildActionMask = 2147483647;
			files = (
			);
			runOnlyForDeploymentPostprocessing = 0;
		};
		2C505CA01DB535590047C113 /* Frameworks */ = {
			isa = PBXFrameworksBuildPhase;
			buildActionMask = 2147483647;
			files = (
			);
			runOnlyForDeploymentPostprocessing = 0;
		};
		2C505CAB1DB535590047C113 /* Frameworks */ = {
			isa = PBXFrameworksBuildPhase;
			buildActionMask = 2147483647;
			files = (
			);
			runOnlyForDeploymentPostprocessing = 0;
		};
/* End PBXFrameworksBuildPhase section */

/* Begin PBXGroup section */
		2C505C841DB535590047C113 = {
			isa = PBXGroup;
			children = (
				2C505C8F1DB535590047C113 /* esw-food-app */,
				2C505CA61DB535590047C113 /* esw-food-appTests */,
				2C505CB11DB535590047C113 /* esw-food-appUITests */,
				2C505C8E1DB535590047C113 /* Products */,
			);
			sourceTree = "<group>";
		};
		2C505C8E1DB535590047C113 /* Products */ = {
			isa = PBXGroup;
			children = (
				2C505C8D1DB535590047C113 /* esw-food-app.app */,
				2C505CA31DB535590047C113 /* esw-food-appTests.xctest */,
				2C505CAE1DB535590047C113 /* esw-food-appUITests.xctest */,
			);
			name = Products;
			sourceTree = "<group>";
		};
		2C505C8F1DB535590047C113 /* esw-food-app */ = {
			isa = PBXGroup;
			children = (
				2C505C901DB535590047C113 /* AppDelegate.swift */,
				2C505C921DB535590047C113 /* FirstViewController.swift */,
				2C505C941DB535590047C113 /* SecondViewController.swift */,
				2C505C961DB535590047C113 /* Main.storyboard */,
				2C505C991DB535590047C113 /* Assets.xcassets */,
				2C505C9B1DB535590047C113 /* LaunchScreen.storyboard */,
				2C505C9E1DB535590047C113 /* Info.plist */,
			);
			path = "esw-food-app";
			sourceTree = "<group>";
		};
		2C505CA61DB535590047C113 /* esw-food-appTests */ = {
			isa = PBXGroup;
			children = (
				2C505CA71DB535590047C113 /* esw_food_appTests.swift */,
				2C505CA91DB535590047C113 /* Info.plist */,
			);
			path = "esw-food-appTests";
			sourceTree = "<group>";
		};
		2C505CB11DB535590047C113 /* esw-food-appUITests */ = {
			isa = PBXGroup;
			children = (
				2C505CB21DB535590047C113 /* esw_food_appUITests.swift */,
				2C505CB41DB535590047C113 /* Info.plist */,
			);
			path = "esw-food-appUITests";
			sourceTree = "<group>";
		};
/* End PBXGroup section */

/* Begin PBXNativeTarget section */
		2C505C8C1DB535590047C113 /* esw-food-app */ = {
			isa = PBXNativeTarget;
			buildConfigurationList = 2C505CB71DB535590047C113 /* Build configuration list for PBXNativeTarget "esw-food-app" */;
			buildPhases = (
				2C505C891DB535590047C113 /* Sources */,
				2C505C8A1DB535590047C113 /* Frameworks */,
				2C505C8B1DB535590047C113 /* Resources */,
			);
			buildRules = (
			);
			dependencies = (
			);
			name = "esw-food-app";
			productName = "esw-food-app";
			productReference = 2C505C8D1DB535590047C113 /* esw-food-app.app */;
			productType = "com.apple.product-type.application";
		};
		2C505CA21DB535590047C113 /* esw-food-appTests */ = {
			isa = PBXNativeTarget;
			buildConfigurationList = 2C505CBA1DB535590047C113 /* Build configuration list for PBXNativeTarget "esw-food-appTests" */;
			buildPhases = (
				2C505C9F1DB535590047C113 /* Sources */,
				2C505CA01DB535590047C113 /* Frameworks */,
				2C505CA11DB535590047C113 /* Resources */,
			);
			buildRules = (
			);
			dependencies = (
				2C505CA51DB535590047C113 /* PBXTargetDependency */,
			);
			name = "esw-food-appTests";
			productName = "esw-food-appTests";
			productReference = 2C505CA31DB535590047C113 /* esw-food-appTests.xctest */;
			productType = "com.apple.product-type.bundle.unit-test";
		};
		2C505CAD1DB535590047C113 /* esw-food-appUITests */ = {
			isa = PBXNativeTarget;
			buildConfigurationList = 2C505CBD1DB535590047C113 /* Build configuration list for PBXNativeTarget "esw-food-appUITests" */;
			buildPhases = (
				2C505CAA1DB535590047C113 /* Sources */,
				2C505CAB1DB535590047C113 /* Frameworks */,
				2C505CAC1DB535590047C113 /* Resources */,
			);
			buildRules = (
			);
			dependencies = (
				2C505CB01DB535590047C113 /* PBXTargetDependency */,
			);
			name = "esw-food-appUITests";
			productName = "esw-food-appUITests";
			productReference = 2C505CAE1DB535590047C113 /* esw-food-appUITests.xctest */;
			productType = "com.apple.product-type.bundle.ui-testing";
		};
/* End PBXNativeTarget section */

/* Begin PBXProject section */
		2C505C851DB535590047C113 /* Project object */ = {
			isa = PBXProject;
			attributes = {
				LastSwiftUpdateCheck = 0730;
				LastUpgradeCheck = 0730;
				ORGANIZATIONNAME = "Robert McKnight";
				TargetAttributes = {
					2C505C8C1DB535590047C113 = {
						CreatedOnToolsVersion = 7.3.1;
					};
					2C505CA21DB535590047C113 = {
						CreatedOnToolsVersion = 7.3.1;
						TestTargetID = 2C505C8C1DB535590047C113;
					};
					2C505CAD1DB535590047C113 = {
						CreatedOnToolsVersion = 7.3.1;
						TestTargetID = 2C505C8C1DB535590047C113;
					};
				};
			};
			buildConfigurationList = 2C505C881DB535590047C113 /* Build configuration list for PBXProject "esw-food-app" */;
			compatibilityVersion = "Xcode 3.2";
			developmentRegion = English;
			hasScannedForEncodings = 0;
			knownRegions = (
				en,
				Base,
			);
			mainGroup = 2C505C841DB535590047C113;
			productRefGroup = 2C505C8E1DB535590047C113 /* Products */;
			projectDirPath = "";
			projectRoot = "";
			targets = (
				2C505C8C1DB535590047C113 /* esw-food-app */,
				2C505CA21DB535590047C113 /* esw-food-appTests */,
				2C505CAD1DB535590047C113 /* esw-food-appUITests */,
			);
		};
/* End PBXProject section */

/* Begin PBXResourcesBuildPhase section */
		2C505C8B1DB535590047C113 /* Resources */ = {
			isa = PBXResourcesBuildPhase;
			buildActionMask = 2147483647;
			files = (
				2C505C9D1DB535590047C113 /* LaunchScreen.storyboard in Resources */,
				2C505C9A1DB535590047C113 /* Assets.xcassets in Resources */,
				2C505C981DB535590047C113 /* Main.storyboard in Resources */,
			);
			runOnlyForDeploymentPostprocessing = 0;
		};
		2C505CA11DB535590047C113 /* Resources */ = {
			isa = PBXResourcesBuildPhase;
			buildActionMask = 2147483647;
			files = (
			);
			runOnlyForDeploymentPostprocessing = 0;
		};
		2C505CAC1DB535590047C113 /* Resources */ = {
			isa = PBXResourcesBuildPhase;
			buildActionMask = 2147483647;
			files = (
			);
			runOnlyForDeploymentPostprocessing = 0;
		};
/* End PBXResourcesBuildPhase section */

/* Begin PBXSourcesBuildPhase section */
		2C505C891DB535590047C113 /* Sources */ = {
			isa = PBXSourcesBuildPhase;
			buildActionMask = 2147483647;
			files = (
				2C505C951DB535590047C113 /* SecondViewController.swift in Sources */,
				2C505C911DB535590047C113 /* AppDelegate.swift in Sources */,
				2C505C931DB535590047C113 /* FirstViewController.swift in Sources */,
			);
			runOnlyForDeploymentPostprocessing = 0;
		};
		2C505C9F1DB535590047C113 /* Sources */ = {
			isa = PBXSourcesBuildPhase;
			buildActionMask = 2147483647;
			files = (
				2C505CA81DB535590047C113 /* esw_food_appTests.swift in Sources */,
			);
			runOnlyForDeploymentPostprocessing = 0;
		};
		2C505CAA1DB535590047C113 /* Sources */ = {
			isa = PBXSourcesBuildPhase;
			buildActionMask = 2147483647;
			files = (
				2C505CB31DB535590047C113 /* esw_food_appUITests.swift in Sources */,
			);
			runOnlyForDeploymentPostprocessing = 0;
		};
/* End PBXSourcesBuildPhase section */

/* Begin PBXTargetDependency section */
		2C505CA51DB535590047C113 /* PBXTargetDependency */ = {
			isa = PBXTargetDependency;
			target = 2C505C8C1DB535590047C113 /* esw-food-app */;
			targetProxy = 2C505CA41DB535590047C113 /* PBXContainerItemProxy */;
		};
		2C505CB01DB535590047C113 /* PBXTargetDependency */ = {
			isa = PBXTargetDependency;
			target = 2C505C8C1DB535590047C113 /* esw-food-app */;
			targetProxy = 2C505CAF1DB535590047C113 /* PBXContainerItemProxy */;
		};
/* End PBXTargetDependency section */

/* Begin PBXVariantGroup section */
		2C505C961DB535590047C113 /* Main.storyboard */ = {
			isa = PBXVariantGroup;
			children = (
				2C505C971DB535590047C113 /* Base */,
			);
			name = Main.storyboard;
			sourceTree = "<group>";
		};
		2C505C9B1DB535590047C113 /* LaunchScreen.storyboard */ = {
			isa = PBXVariantGroup;
			children = (
				2C505C9C1DB535590047C113 /* Base */,
			);
			name = LaunchScreen.storyboard;
			sourceTree = "<group>";
		};
/* End PBXVariantGroup section */

/* Begin XCBuildConfiguration section */
		2C505CB51DB535590047C113 /* Debug */ = {
			isa = XCBuildConfiguration;
			buildSettings = {
				ALWAYS_SEARCH_USER_PATHS = NO;
				CLANG_ANALYZER_NONNULL = YES;
				CLANG_CXX_LANGUAGE_STANDARD = "gnu++0x";
				CLANG_CXX_LIBRARY = "libc++";
				CLANG_ENABLE_MODULES = YES;
				CLANG_ENABLE_OBJC_ARC = YES;
				CLANG_WARN_BOOL_CONVERSION = YES;
				CLANG_WARN_CONSTANT_CONVERSION = YES;
				CLANG_WARN_DIRECT_OBJC_ISA_USAGE = YES_ERROR;
				CLANG_WARN_EMPTY_BODY = YES;
				CLANG_WARN_ENUM_CONVERSION = YES;
				CLANG_WARN_INT_CONVERSION = YES;
				CLANG_WARN_OBJC_ROOT_CLASS = YES_ERROR;
				CLANG_WARN_UNREACHABLE_CODE = YES;
				CLANG_WARN__DUPLICATE_METHOD_MATCH = YES;
				"CODE_SIGN_IDENTITY[sdk=iphoneos*]" = "iPhone Developer";
				COPY_PHASE_STRIP = NO;
				DEBUG_INFORMATION_FORMAT = dwarf;
				ENABLE_STRICT_OBJC_MSGSEND = YES;
				ENABLE_TESTABILITY = YES;
				GCC_C_LANGUAGE_STANDARD = gnu99;
				GCC_DYNAMIC_NO_PIC = NO;
				GCC_NO_COMMON_BLOCKS = YES;
				GCC_OPTIMIZATION_LEVEL = 0;
				GCC_PREPROCESSOR_DEFINITIONS = (
					"DEBUG=1",
					"$(inherited)",
				);
				GCC_WARN_64_TO_32_BIT_CONVERSION = YES;
				GCC_WARN_ABOUT_RETURN_TYPE = YES_ERROR;
				GCC_WARN_UNDECLARED_SELECTOR = YES;
				GCC_WARN_UNINITIALIZED_AUTOS = YES_AGGRESSIVE;
				GCC_WARN_UNUSED_FUNCTION = YES;
				GCC_WARN_UNUSED_VARIABLE = YES;
				IPHONEOS_DEPLOYMENT_TARGET = 9.3;
				MTL_ENABLE_DEBUG_INFO = YES;
				ONLY_ACTIVE_ARCH = YES;
				SDKROOT = iphoneos;
				SWIFT_OPTIMIZATION_LEVEL = "-Onone";
			};
			name = Debug;
		};
		2C505CB61DB535590047C113 /* Release */ = {
			isa = XCBuildConfiguration;
			buildSettings = {
				ALWAYS_SEARCH_USER_PATHS = NO;
				CLANG_ANALYZER_NONNULL = YES;
				CLANG_CXX_LANGUAGE_STANDARD = "gnu++0x";
				CLANG_CXX_LIBRARY = "libc++";
				CLANG_ENABLE_MODULES = YES;
				CLANG_ENABLE_OBJC_ARC = YES;
				CLANG_WARN_BOOL_CONVERSION = YES;
				CLANG_WARN_CONSTANT_CONVERSION = YES;
				CLANG_WARN_DIRECT_OBJC_ISA_USAGE = YES_ERROR;
				CLANG_WARN_EMPTY_BODY = YES;
				CLANG_WARN_ENUM_CONVERSION = YES;
				CLANG_WARN_INT_CONVERSION = YES;
				CLANG_WARN_OBJC_ROOT_CLASS = YES_ERROR;
				CLANG_WARN_UNREACHABLE_CODE = YES;
				CLANG_WARN__DUPLICATE_METHOD_MATCH = YES;
				"CODE_SIGN_IDENTITY[sdk=iphoneos*]" = "iPhone Developer";
				COPY_PHASE_STRIP = NO;
				DEBUG_INFORMATION_FORMAT = "dwarf-with-dsym";
				ENABLE_NS_ASSERTIONS = NO;
				ENABLE_STRICT_OBJC_MSGSEND = YES;
				GCC_C_LANGUAGE_STANDARD = gnu99;
				GCC_NO_COMMON_BLOCKS = YES;
				GCC_WARN_64_TO_32_BIT_CONVERSION = YES;
				GCC_WARN_ABOUT_RETURN_TYPE = YES_ERROR;
				GCC_WARN_UNDECLARED_SELECTOR = YES;
				GCC_WARN_UNINITIALIZED_AUTOS = YES_AGGRESSIVE;
				GCC_WARN_UNUSED_FUNCTION = YES;
				GCC_WARN_UNUSED_VARIABLE = YES;
				IPHONEOS_DEPLOYMENT_TARGET = 9.3;
				MTL_ENABLE_DEBUG_INFO = NO;
				SDKROOT = iphoneos;
				VALIDATE_PRODUCT = YES;
			};
			name = Release;
		};
		2C505CB81DB535590047C113 /* Debug */ = {
			isa = XCBuildConfiguration;
			buildSettings = {
				ASSETCATALOG_COMPILER_APPICON_NAME = AppIcon;
				INFOPLIST_FILE = "esw-food-app/Info.plist";
				LD_RUNPATH_SEARCH_PATHS = "$(inherited) @executable_path/Frameworks";
				PRODUCT_BUNDLE_IDENTIFIER = "com.robertmcknight.esw-food-app";
				PRODUCT_NAME = "$(TARGET_NAME)";
			};
			name = Debug;
		};
		2C505CB91DB535590047C113 /* Release */ = {
			isa = XCBuildConfiguration;
			buildSettings = {
				ASSETCATALOG_COMPILER_APPICON_NAME = AppIcon;
				INFOPLIST_FILE = "esw-food-app/Info.plist";
				LD_RUNPATH_SEARCH_PATHS = "$(inherited) @executable_path/Frameworks";
				PRODUCT_BUNDLE_IDENTIFIER = "com.robertmcknight.esw-food-app";
				PRODUCT_NAME = "$(TARGET_NAME)";
			};
			name = Release;
		};
		2C505CBB1DB535590047C113 /* Debug */ = {
			isa = XCBuildConfiguration;
			buildSettings = {
				BUNDLE_LOADER = "$(TEST_HOST)";
				INFOPLIST_FILE = "esw-food-appTests/Info.plist";
				LD_RUNPATH_SEARCH_PATHS = "$(inherited) @executable_path/Frameworks @loader_path/Frameworks";
				PRODUCT_BUNDLE_IDENTIFIER = "com.robertmcknight.esw-food-appTests";
				PRODUCT_NAME = "$(TARGET_NAME)";
				TEST_HOST = "$(BUILT_PRODUCTS_DIR)/esw-food-app.app/esw-food-app";
			};
			name = Debug;
		};
		2C505CBC1DB535590047C113 /* Release */ = {
			isa = XCBuildConfiguration;
			buildSettings = {
				BUNDLE_LOADER = "$(TEST_HOST)";
				INFOPLIST_FILE = "esw-food-appTests/Info.plist";
				LD_RUNPATH_SEARCH_PATHS = "$(inherited) @executable_path/Frameworks @loader_path/Frameworks";
				PRODUCT_BUNDLE_IDENTIFIER = "com.robertmcknight.esw-food-appTests";
				PRODUCT_NAME = "$(TARGET_NAME)";
				TEST_HOST = "$(BUILT_PRODUCTS_DIR)/esw-food-app.app/esw-food-app";
			};
			name = Release;
		};
		2C505CBE1DB535590047C113 /* Debug */ = {
			isa = XCBuildConfiguration;
			buildSettings = {
				INFOPLIST_FILE = "esw-food-appUITests/Info.plist";
				LD_RUNPATH_SEARCH_PATHS = "$(inherited) @executable_path/Frameworks @loader_path/Frameworks";
				PRODUCT_BUNDLE_IDENTIFIER = "com.robertmcknight.esw-food-appUITests";
				PRODUCT_NAME = "$(TARGET_NAME)";
				TEST_TARGET_NAME = "esw-food-app";
			};
			name = Debug;
		};
		2C505CBF1DB535590047C113 /* Release */ = {
			isa = XCBuildConfiguration;
			buildSettings = {
				INFOPLIST_FILE = "esw-food-appUITests/Info.plist";
				LD_RUNPATH_SEARCH_PATHS = "$(inherited) @executable_path/Frameworks @loader_path/Frameworks";
				PRODUCT_BUNDLE_IDENTIFIER = "com.robertmcknight.esw-food-appUITests";
				PRODUCT_NAME = "$(TARGET_NAME)";
				TEST_TARGET_NAME = "esw-food-app";
			};
			name = Release;
		};
/* End XCBuildConfiguration section */

/* Begin XCConfigurationList section */
		2C505C881DB535590047C113 /* Build configuration list for PBXProject "esw-food-app" */ = {
			isa = XCConfigurationList;
			buildConfigurations = (
				2C505CB51DB535590047C113 /* Debug */,
				2C505CB61DB535590047C113 /* Release */,
			);
			defaultConfigurationIsVisible = 0;
			defaultConfigurationName = Release;
		};
		2C505CB71DB535590047C113 /* Build configuration list for PBXNativeTarget "esw-food-app" */ = {
			isa = XCConfigurationList;
			buildConfigurations = (
				2C505CB81DB535590047C113 /* Debug */,
				2C505CB91DB535590047C113 /* Release */,
			);
			defaultConfigurationIsVisible = 0;
		};
		2C505CBA1DB535590047C113 /* Build configuration list for PBXNativeTarget "esw-food-appTests" */ = {
			isa = XCConfigurationList;
			buildConfigurations = (
				2C505CBB1DB535590047C113 /* Debug */,
				2C505CBC1DB535590047C113 /* Release */,
			);
			defaultConfigurationIsVisible = 0;
		};
		2C505CBD1DB535590047C113 /* Build configuration list for PBXNativeTarget "esw-food-appUITests" */ = {
			isa = XCConfigurationList;
			buildConfigurations = (
				2C505CBE1DB535590047C113 /* Debug */,
				2C505CBF1DB535590047C113 /* Release */,
			);
			defaultConfigurationIsVisible = 0;
		};
/* End XCConfigurationList section */
	};
	rootObject = 2C505C851DB535590047C113 /* Project object */;
}
